
Microsoft Visual Studio Solution File, Format Version 12.00
# Visual Studio Version 17
VisualStudioVersion = 17.6.33712.159
MinimumVisualStudioVersion = 10.0.40219.1
Project("{9A19103F-16F7-4668-BE54-9A1E7A4F7556}") = "SpyStore.DAL", "SpyStore.DAL\SpyStore.DAL.csproj", "{257DA472-693A-490D-A2FC-FEB99F2E2750}"
EndProject
Project("{9A19103F-16F7-4668-BE54-9A1E7A4F7556}") = "SpyStore.Models", "SpyStore.Models\SpyStore.Models.csproj", "{071BB68F-FDD2-4AD1-B740-067AE89E0E0A}"
EndProject
Project("{9A19103F-16F7-4668-BE54-9A1E7A4F7556}") = "SpyStore.DAL.Tests", "SpyStore.DAL.Tests\SpyStore.DAL.Tests.csproj", "{549C318F-C7D6-4E70-8BF6-6111B50F9D15}"
EndProject
Project("{9A19103F-16F7-4668-BE54-9A1E7A4F7556}") = "SpyStore.Service", "SpyStore.Service\SpyStore.Service.csproj", "{4C3BE968-8CC5-4BEB-AACC-9E0B06A5D35B}"
EndProject
Project("{FAE04EC0-301F-11D3-BF4B-00C04F79EFBC}") = "SpyStore.MVC", "SpyStore.MVC\SpyStore.MVC.csproj", "{F141E172-0DDF-436B-884B-B72ECFB5FD62}"
EndProject
Global
	GlobalSection(SolutionConfigurationPlatforms) = preSolution
		Debug|Any CPU = Debug|Any CPU
		Release|Any CPU = Release|Any CPU
	EndGlobalSection
	GlobalSection(ProjectConfigurationPlatforms) = postSolution
		{257DA472-693A-490D-A2FC-FEB99F2E2750}.Debug|Any CPU.ActiveCfg = Debug|Any CPU
		{257DA472-693A-490D-A2FC-FEB99F2E2750}.Debug|Any CPU.Build.0 = Debug|Any CPU
		{257DA472-693A-490D-A2FC-FEB99F2E2750}.Release|Any CPU.ActiveCfg = Release|Any CPU
		{257DA472-693A-490D-A2FC-FEB99F2E2750}.Release|Any CPU.Build.0 = Release|Any CPU
		{071BB68F-FDD2-4AD1-B740-067AE89E0E0A}.Debug|Any CPU.ActiveCfg = Debug|Any CPU
		{071BB68F-FDD2-4AD1-B740-067AE89E0E0A}.Debug|Any CPU.Build.0 = Debug|Any CPU
		{071BB68F-FDD2-4AD1-B740-067AE89E0E0A}.Release|Any CPU.ActiveCfg = Release|Any CPU
		{071BB68F-FDD2-4AD1-B740-067AE89E0E0A}.Release|Any CPU.Build.0 = Release|Any CPU
		{549C318F-C7D6-4E70-8BF6-6111B50F9D15}.Debug|Any CPU.ActiveCfg = Debug|Any CPU
		{549C318F-C7D6-4E70-8BF6-6111B50F9D15}.Debug|Any CPU.Build.0 = Debug|Any CPU
		{549C318F-C7D6-4E70-8BF6-6111B50F9D15}.Release|Any CPU.ActiveCfg = Release|Any CPU
		{549C318F-C7D6-4E70-8BF6-6111B50F9D15}.Release|Any CPU.Build.0 = Release|Any CPU
		{4C3BE968-8CC5-4BEB-AACC-9E0B06A5D35B}.Debug|Any CPU.ActiveCfg = Debug|Any CPU
		{4C3BE968-8CC5-4BEB-AACC-9E0B06A5D35B}.Debug|Any CPU.Build.0 = Debug|Any CPU
		{4C3BE968-8CC5-4BEB-AACC-9E0B06A5D35B}.Release|Any CPU.ActiveCfg = Release|Any CPU
		{4C3BE968-8CC5-4BEB-AACC-9E0B06A5D35B}.Release|Any CPU.Build.0 = Release|Any CPU
		{F141E172-0DDF-436B-884B-B72ECFB5FD62}.Debug|Any CPU.ActiveCfg = Debug|Any CPU
		{F141E172-0DDF-436B-884B-B72ECFB5FD62}.Debug|Any CPU.Build.0 = Debug|Any CPU
		{F141E172-0DDF-436B-884B-B72ECFB5FD62}.Release|Any CPU.ActiveCfg = Release|Any CPU
		{F141E172-0DDF-436B-884B-B72ECFB5FD62}.Release|Any CPU.Build.0 = Release|Any CPU
	EndGlobalSection
	GlobalSection(SolutionProperties) = preSolution
		HideSolutionNode = FALSE
	EndGlobalSection
	GlobalSection(ExtensibilityGlobals) = postSolution
		SolutionGuid = {2639329C-3E1C-4B32-8CB4-6C583B47A449}
	EndGlobalSection
EndGlobal
